
Microsoft Visual Studio Solution File, Format Version 12.00
# Visual Studio 15
VisualStudioVersion = 15.0.27004.2005
MinimumVisualStudioVersion = 10.0.40219.1
Project("{FAE04EC0-301F-11D3-BF4B-00C04F79EFBC}") = "StorMe", "StorMe\StorMe.csproj", "{6A4859B2-9DB1-41CD-8955-E1CD9D61406A}"
EndProject
Global
	GlobalSection(SolutionConfigurationPlatforms) = preSolution
		Debug|Any CPU = Debug|Any CPU
		Release|Any CPU = Release|Any CPU
	EndGlobalSection
	GlobalSection(ProjectConfigurationPlatforms) = postSolution
		{6A4859B2-9DB1-41CD-8955-E1CD9D61406A}.Debug|Any CPU.ActiveCfg = Debug|Any CPU
		{6A4859B2-9DB1-41CD-8955-E1CD9D61406A}.Debug|Any CPU.Build.0 = Debug|Any CPU
		{6A4859B2-9DB1-41CD-8955-E1CD9D61406A}.Release|Any CPU.ActiveCfg = Release|Any CPU
		{6A4859B2-9DB1-41CD-8955-E1CD9D61406A}.Release|Any CPU.Build.0 = Release|Any CPU
	EndGlobalSection
	GlobalSection(SolutionProperties) = preSolution
		HideSolutionNode = FALSE
	EndGlobalSection
	GlobalSection(ExtensibilityGlobals) = postSolution
		SolutionGuid = {11AAC4E5-75D8-46FA-ADFE-468D20F35679}
	EndGlobalSection
EndGlobal
